
Microsoft Visual Studio Solution File, Format Version 12.00
# Visual Studio 15
VisualStudioVersion = 15.0.28307.136
MinimumVisualStudioVersion = 10.0.40219.1
Project("{888888A0-9F3D-457C-B088-3A5042F75D52}") = "NGS_TPU", "NGS_TPU.pyproj", "{1337EE1B-81AB-489E-87A0-76022010827F}"
EndProject
Global
	GlobalSection(SolutionConfigurationPlatforms) = preSolution
		Debug|Any CPU = Debug|Any CPU
		Release|Any CPU = Release|Any CPU
	EndGlobalSection
	GlobalSection(ProjectConfigurationPlatforms) = postSolution
		{1337EE1B-81AB-489E-87A0-76022010827F}.Debug|Any CPU.ActiveCfg = Debug|Any CPU
		{1337EE1B-81AB-489E-87A0-76022010827F}.Release|Any CPU.ActiveCfg = Release|Any CPU
	EndGlobalSection
	GlobalSection(SolutionProperties) = preSolution
		HideSolutionNode = FALSE
	EndGlobalSection
	GlobalSection(ExtensibilityGlobals) = postSolution
		SolutionGuid = {33EECBEA-8FD3-4996-83BC-DCFBB3F4E92C}
	EndGlobalSection
EndGlobal
